
Microsoft Visual Studio Solution File, Format Version 12.00
# Visual Studio Version 17
VisualStudioVersion = 17.3.32901.215
MinimumVisualStudioVersion = 10.0.40219.1
Project("{00D1A9C2-B5F0-4AF3-8072-F6C62B433612}") = "GoatSlipsDb", "GoatSlipsDb\GoatSlipsDb.sqlproj", "{03F92D1E-CFA6-4565-8E07-461AFE1E8761}"
EndProject
Global
	GlobalSection(SolutionConfigurationPlatforms) = preSolution
		Debug|Any CPU = Debug|Any CPU
		Release|Any CPU = Release|Any CPU
	EndGlobalSection
	GlobalSection(ProjectConfigurationPlatforms) = postSolution
		{03F92D1E-CFA6-4565-8E07-461AFE1E8761}.Debug|Any CPU.ActiveCfg = Debug|Any CPU
		{03F92D1E-CFA6-4565-8E07-461AFE1E8761}.Debug|Any CPU.Build.0 = Debug|Any CPU
		{03F92D1E-CFA6-4565-8E07-461AFE1E8761}.Debug|Any CPU.Deploy.0 = Debug|Any CPU
		{03F92D1E-CFA6-4565-8E07-461AFE1E8761}.Release|Any CPU.ActiveCfg = Release|Any CPU
		{03F92D1E-CFA6-4565-8E07-461AFE1E8761}.Release|Any CPU.Build.0 = Release|Any CPU
		{03F92D1E-CFA6-4565-8E07-461AFE1E8761}.Release|Any CPU.Deploy.0 = Release|Any CPU
	EndGlobalSection
	GlobalSection(SolutionProperties) = preSolution
		HideSolutionNode = FALSE
	EndGlobalSection
	GlobalSection(ExtensibilityGlobals) = postSolution
		SolutionGuid = {83D5718D-B6CD-4F80-9B6B-912CCCB01A6A}
	EndGlobalSection
EndGlobal
